
Microsoft Visual Studio Solution File, Format Version 12.00
Project("{FAE04EC0-301F-11D3-BF4B-00C04F79EFBC}") = "AdapterPattern", "AdapterPattern.csproj", "{FA8C49FC-D0CA-4A17-B202-69C63D294F9B}"
EndProject
Global
	GlobalSection(SolutionConfigurationPlatforms) = preSolution
		Debug|Any CPU = Debug|Any CPU
		Release|Any CPU = Release|Any CPU
	EndGlobalSection
	GlobalSection(ProjectConfigurationPlatforms) = postSolution
		{FA8C49FC-D0CA-4A17-B202-69C63D294F9B}.Debug|Any CPU.ActiveCfg = Debug|Any CPU
		{FA8C49FC-D0CA-4A17-B202-69C63D294F9B}.Debug|Any CPU.Build.0 = Debug|Any CPU
		{FA8C49FC-D0CA-4A17-B202-69C63D294F9B}.Release|Any CPU.ActiveCfg = Release|Any CPU
		{FA8C49FC-D0CA-4A17-B202-69C63D294F9B}.Release|Any CPU.Build.0 = Release|Any CPU
	EndGlobalSection
EndGlobal
